
Microsoft Visual Studio Solution File, Format Version 12.00
# Visual Studio Version 16
VisualStudioVersion = 16.0.29503.13
MinimumVisualStudioVersion = 10.0.40219.1
Project("{9A19103F-16F7-4668-BE54-9A1E7A4F7556}") = "day-1", "day-1\day-1.csproj", "{D74C55AA-4A6B-4D23-8B6B-3FEC8EF068D5}"
EndProject
Project("{9A19103F-16F7-4668-BE54-9A1E7A4F7556}") = "day-2", "day-2\day-2.csproj", "{91776EF3-1153-4172-A80A-4D75359E1876}"
EndProject
Project("{9A19103F-16F7-4668-BE54-9A1E7A4F7556}") = "day-3", "day-3\day-3.csproj", "{BE0E37EE-19B1-4952-80FD-B9D9B0286022}"
EndProject
Project("{9A19103F-16F7-4668-BE54-9A1E7A4F7556}") = "day-4", "day-4\day-4.csproj", "{CCE7FB7D-0D87-407C-9EE5-9237A41F3F76}"
EndProject
Project("{9A19103F-16F7-4668-BE54-9A1E7A4F7556}") = "day-5", "day-5\day-5.csproj", "{A155F6E9-01C8-4AC0-B52F-AC7B267DB82C}"
EndProject
Project("{9A19103F-16F7-4668-BE54-9A1E7A4F7556}") = "day-6", "day-6\day-6.csproj", "{4DA85DED-476C-422F-A9C4-DA0307CD535E}"
EndProject
Project("{9A19103F-16F7-4668-BE54-9A1E7A4F7556}") = "day-7", "day-7\day-7.csproj", "{5623A47C-4EC3-4088-BA5C-E4B7F6C944C2}"
EndProject
Project("{9A19103F-16F7-4668-BE54-9A1E7A4F7556}") = "day-8", "day-8\day-8.csproj", "{34FDE6D6-117A-4F7A-A0EF-7D327991BB9D}"
EndProject
Project("{FAE04EC0-301F-11D3-BF4B-00C04F79EFBC}") = "day-9", "day-9\day-9.csproj", "{19A636CE-0F9E-44E1-97A9-2E26DA529732}"
EndProject
Global
	GlobalSection(SolutionConfigurationPlatforms) = preSolution
		Debug|Any CPU = Debug|Any CPU
		Release|Any CPU = Release|Any CPU
	EndGlobalSection
	GlobalSection(ProjectConfigurationPlatforms) = postSolution
		{D74C55AA-4A6B-4D23-8B6B-3FEC8EF068D5}.Debug|Any CPU.ActiveCfg = Debug|Any CPU
		{D74C55AA-4A6B-4D23-8B6B-3FEC8EF068D5}.Debug|Any CPU.Build.0 = Debug|Any CPU
		{D74C55AA-4A6B-4D23-8B6B-3FEC8EF068D5}.Release|Any CPU.ActiveCfg = Release|Any CPU
		{D74C55AA-4A6B-4D23-8B6B-3FEC8EF068D5}.Release|Any CPU.Build.0 = Release|Any CPU
		{91776EF3-1153-4172-A80A-4D75359E1876}.Debug|Any CPU.ActiveCfg = Debug|Any CPU
		{91776EF3-1153-4172-A80A-4D75359E1876}.Debug|Any CPU.Build.0 = Debug|Any CPU
		{91776EF3-1153-4172-A80A-4D75359E1876}.Release|Any CPU.ActiveCfg = Release|Any CPU
		{91776EF3-1153-4172-A80A-4D75359E1876}.Release|Any CPU.Build.0 = Release|Any CPU
		{BE0E37EE-19B1-4952-80FD-B9D9B0286022}.Debug|Any CPU.ActiveCfg = Debug|Any CPU
		{BE0E37EE-19B1-4952-80FD-B9D9B0286022}.Debug|Any CPU.Build.0 = Debug|Any CPU
		{BE0E37EE-19B1-4952-80FD-B9D9B0286022}.Release|Any CPU.ActiveCfg = Release|Any CPU
		{BE0E37EE-19B1-4952-80FD-B9D9B0286022}.Release|Any CPU.Build.0 = Release|Any CPU
		{CCE7FB7D-0D87-407C-9EE5-9237A41F3F76}.Debug|Any CPU.ActiveCfg = Debug|Any CPU
		{CCE7FB7D-0D87-407C-9EE5-9237A41F3F76}.Debug|Any CPU.Build.0 = Debug|Any CPU
		{CCE7FB7D-0D87-407C-9EE5-9237A41F3F76}.Release|Any CPU.ActiveCfg = Release|Any CPU
		{CCE7FB7D-0D87-407C-9EE5-9237A41F3F76}.Release|Any CPU.Build.0 = Release|Any CPU
		{A155F6E9-01C8-4AC0-B52F-AC7B267DB82C}.Debug|Any CPU.ActiveCfg = Debug|Any CPU
		{A155F6E9-01C8-4AC0-B52F-AC7B267DB82C}.Debug|Any CPU.Build.0 = Debug|Any CPU
		{A155F6E9-01C8-4AC0-B52F-AC7B267DB82C}.Release|Any CPU.ActiveCfg = Release|Any CPU
		{A155F6E9-01C8-4AC0-B52F-AC7B267DB82C}.Release|Any CPU.Build.0 = Release|Any CPU
		{4DA85DED-476C-422F-A9C4-DA0307CD535E}.Debug|Any CPU.ActiveCfg = Debug|Any CPU
		{4DA85DED-476C-422F-A9C4-DA0307CD535E}.Debug|Any CPU.Build.0 = Debug|Any CPU
		{4DA85DED-476C-422F-A9C4-DA0307CD535E}.Release|Any CPU.ActiveCfg = Release|Any CPU
		{4DA85DED-476C-422F-A9C4-DA0307CD535E}.Release|Any CPU.Build.0 = Release|Any CPU
		{5623A47C-4EC3-4088-BA5C-E4B7F6C944C2}.Debug|Any CPU.ActiveCfg = Debug|Any CPU
		{5623A47C-4EC3-4088-BA5C-E4B7F6C944C2}.Debug|Any CPU.Build.0 = Debug|Any CPU
		{5623A47C-4EC3-4088-BA5C-E4B7F6C944C2}.Release|Any CPU.ActiveCfg = Release|Any CPU
		{5623A47C-4EC3-4088-BA5C-E4B7F6C944C2}.Release|Any CPU.Build.0 = Release|Any CPU
		{34FDE6D6-117A-4F7A-A0EF-7D327991BB9D}.Debug|Any CPU.ActiveCfg = Debug|Any CPU
		{34FDE6D6-117A-4F7A-A0EF-7D327991BB9D}.Debug|Any CPU.Build.0 = Debug|Any CPU
		{34FDE6D6-117A-4F7A-A0EF-7D327991BB9D}.Release|Any CPU.ActiveCfg = Release|Any CPU
		{34FDE6D6-117A-4F7A-A0EF-7D327991BB9D}.Release|Any CPU.Build.0 = Release|Any CPU
		{19A636CE-0F9E-44E1-97A9-2E26DA529732}.Debug|Any CPU.ActiveCfg = Debug|Any CPU
		{19A636CE-0F9E-44E1-97A9-2E26DA529732}.Debug|Any CPU.Build.0 = Debug|Any CPU
		{19A636CE-0F9E-44E1-97A9-2E26DA529732}.Release|Any CPU.ActiveCfg = Release|Any CPU
		{19A636CE-0F9E-44E1-97A9-2E26DA529732}.Release|Any CPU.Build.0 = Release|Any CPU
	EndGlobalSection
	GlobalSection(SolutionProperties) = preSolution
		HideSolutionNode = FALSE
	EndGlobalSection
	GlobalSection(ExtensibilityGlobals) = postSolution
		SolutionGuid = {A0D1754F-5998-4A21-8D0B-D66049601DA0}
	EndGlobalSection
EndGlobal
