
Microsoft Visual Studio Solution File, Format Version 12.00
# Visual Studio Version 16
VisualStudioVersion = 16.0.29503.13
MinimumVisualStudioVersion = 10.0.40219.1
Project("{9A19103F-16F7-4668-BE54-9A1E7A4F7556}") = "day-1", "day-1\day-1.csproj", "{D74C55AA-4A6B-4D23-8B6B-3FEC8EF068D5}"
EndProject
Project("{9A19103F-16F7-4668-BE54-9A1E7A4F7556}") = "day-2", "day-2\day-2.csproj", "{91776EF3-1153-4172-A80A-4D75359E1876}"
EndProject
Project("{9A19103F-16F7-4668-BE54-9A1E7A4F7556}") = "day-3", "day-3\day-3.csproj", "{BE0E37EE-19B1-4952-80FD-B9D9B0286022}"
EndProject
Project("{9A19103F-16F7-4668-BE54-9A1E7A4F7556}") = "day-4", "day-4\day-4.csproj", "{CCE7FB7D-0D87-407C-9EE5-9237A41F3F76}"
EndProject
Project("{9A19103F-16F7-4668-BE54-9A1E7A4F7556}") = "day-5", "day-5\day-5.csproj", "{A155F6E9-01C8-4AC0-B52F-AC7B267DB82C}"
EndProject
Project("{9A19103F-16F7-4668-BE54-9A1E7A4F7556}") = "day-6", "day-6\day-6.csproj", "{4DA85DED-476C-422F-A9C4-DA0307CD535E}"
EndProject
Project("{9A19103F-16F7-4668-BE54-9A1E7A4F7556}") = "day-7", "day-7\day-7.csproj", "{5623A47C-4EC3-4088-BA5C-E4B7F6C944C2}"
EndProject
Project("{9A19103F-16F7-4668-BE54-9A1E7A4F7556}") = "day-8", "day-8\day-8.csproj", "{34FDE6D6-117A-4F7A-A0EF-7D327991BB9D}"
EndProject
Project("{9A19103F-16F7-4668-BE54-9A1E7A4F7556}") = "day-9", "day-9\day-9.csproj", "{19A636CE-0F9E-44E1-97A9-2E26DA529732}"
EndProject
Project("{9A19103F-16F7-4668-BE54-9A1E7A4F7556}") = "day-10", "day-10\day-10.csproj", "{A240DA34-FD07-4D61-8BC5-026F44889BAA}"
EndProject
Project("{9A19103F-16F7-4668-BE54-9A1E7A4F7556}") = "day-11", "day-11\day-11.csproj", "{8EFBAC52-29C2-465F-9AF0-088DEC2D1A9F}"
EndProject
Project("{9A19103F-16F7-4668-BE54-9A1E7A4F7556}") = "day-12", "day-12\day-12.csproj", "{A1F42663-D1D3-4C00-B948-7FA93918E9CA}"
EndProject
Project("{9A19103F-16F7-4668-BE54-9A1E7A4F7556}") = "day-14", "day-14\day-14.csproj", "{CF6D90F4-4BC9-4C29-AD63-E999B94E32F0}"
EndProject
Project("{9A19103F-16F7-4668-BE54-9A1E7A4F7556}") = "day-15", "day-15\day-15.csproj", "{B979A9BA-9B40-4466-9B6E-18F1E160A2DD}"
EndProject
Project("{9A19103F-16F7-4668-BE54-9A1E7A4F7556}") = "day-16", "day-16\day-16.csproj", "{E0FC1A27-1F32-4B51-BBD1-7C68F70D16B3}"
EndProject
Project("{9A19103F-16F7-4668-BE54-9A1E7A4F7556}") = "day-18", "day-18\day-18.csproj", "{2E5512EB-E631-42F2-98DF-4F43310C6A03}"
EndProject
Project("{9A19103F-16F7-4668-BE54-9A1E7A4F7556}") = "day-21", "day-21\day-21.csproj", "{928D0B91-DFDC-4667-A819-A12433B18FEA}"
EndProject
Project("{9A19103F-16F7-4668-BE54-9A1E7A4F7556}") = "day-22", "day-22\day-22.csproj", "{EDD41333-FFFB-443A-84FA-F40E63811FFD}"
EndProject
Project("{9A19103F-16F7-4668-BE54-9A1E7A4F7556}") = "day-24", "day-24\day-24.csproj", "{C0250B4D-35CE-44A2-B8ED-1F5B14417571}"
EndProject
Project("{9A19103F-16F7-4668-BE54-9A1E7A4F7556}") = "day-25", "day-25\day-25.csproj", "{C8999F8E-DD63-4C1E-8410-B5E66D1E7E5A}"
EndProject
Project("{9A19103F-16F7-4668-BE54-9A1E7A4F7556}") = "day-13", "day-13\day-13.csproj", "{E0FA1413-ECC5-4189-8B7A-A3B198B80498}"
EndProject
Project("{9A19103F-16F7-4668-BE54-9A1E7A4F7556}") = "day-23", "day-23\day-23.csproj", "{5D0C0AF8-8445-48A8-B55F-90150DE8BBD5}"
EndProject
Project("{9A19103F-16F7-4668-BE54-9A1E7A4F7556}") = "Advent-Of-Code-2020-Tests", "Advent-Of-Code-2020-Tests\Advent-Of-Code-2020-Tests.csproj", "{C1961C9A-C746-4B4D-B5A4-EF2E97EE9C88}"
EndProject
Project("{9A19103F-16F7-4668-BE54-9A1E7A4F7556}") = "day-19", "day-19\day-19.csproj", "{035395B8-7F3D-4931-B4A0-2521A103F6D8}"
EndProject
Project("{FAE04EC0-301F-11D3-BF4B-00C04F79EFBC}") = "day-20", "day-20\day-20.csproj", "{A1A16E62-BBE0-42C0-8493-CD2138F755C6}"
EndProject
Global
	GlobalSection(SolutionConfigurationPlatforms) = preSolution
		Debug|Any CPU = Debug|Any CPU
		Release|Any CPU = Release|Any CPU
	EndGlobalSection
	GlobalSection(ProjectConfigurationPlatforms) = postSolution
		{D74C55AA-4A6B-4D23-8B6B-3FEC8EF068D5}.Debug|Any CPU.ActiveCfg = Debug|Any CPU
		{D74C55AA-4A6B-4D23-8B6B-3FEC8EF068D5}.Debug|Any CPU.Build.0 = Debug|Any CPU
		{D74C55AA-4A6B-4D23-8B6B-3FEC8EF068D5}.Release|Any CPU.ActiveCfg = Release|Any CPU
		{D74C55AA-4A6B-4D23-8B6B-3FEC8EF068D5}.Release|Any CPU.Build.0 = Release|Any CPU
		{91776EF3-1153-4172-A80A-4D75359E1876}.Debug|Any CPU.ActiveCfg = Debug|Any CPU
		{91776EF3-1153-4172-A80A-4D75359E1876}.Debug|Any CPU.Build.0 = Debug|Any CPU
		{91776EF3-1153-4172-A80A-4D75359E1876}.Release|Any CPU.ActiveCfg = Release|Any CPU
		{91776EF3-1153-4172-A80A-4D75359E1876}.Release|Any CPU.Build.0 = Release|Any CPU
		{BE0E37EE-19B1-4952-80FD-B9D9B0286022}.Debug|Any CPU.ActiveCfg = Debug|Any CPU
		{BE0E37EE-19B1-4952-80FD-B9D9B0286022}.Debug|Any CPU.Build.0 = Debug|Any CPU
		{BE0E37EE-19B1-4952-80FD-B9D9B0286022}.Release|Any CPU.ActiveCfg = Release|Any CPU
		{BE0E37EE-19B1-4952-80FD-B9D9B0286022}.Release|Any CPU.Build.0 = Release|Any CPU
		{CCE7FB7D-0D87-407C-9EE5-9237A41F3F76}.Debug|Any CPU.ActiveCfg = Debug|Any CPU
		{CCE7FB7D-0D87-407C-9EE5-9237A41F3F76}.Debug|Any CPU.Build.0 = Debug|Any CPU
		{CCE7FB7D-0D87-407C-9EE5-9237A41F3F76}.Release|Any CPU.ActiveCfg = Release|Any CPU
		{CCE7FB7D-0D87-407C-9EE5-9237A41F3F76}.Release|Any CPU.Build.0 = Release|Any CPU
		{A155F6E9-01C8-4AC0-B52F-AC7B267DB82C}.Debug|Any CPU.ActiveCfg = Debug|Any CPU
		{A155F6E9-01C8-4AC0-B52F-AC7B267DB82C}.Debug|Any CPU.Build.0 = Debug|Any CPU
		{A155F6E9-01C8-4AC0-B52F-AC7B267DB82C}.Release|Any CPU.ActiveCfg = Release|Any CPU
		{A155F6E9-01C8-4AC0-B52F-AC7B267DB82C}.Release|Any CPU.Build.0 = Release|Any CPU
		{4DA85DED-476C-422F-A9C4-DA0307CD535E}.Debug|Any CPU.ActiveCfg = Debug|Any CPU
		{4DA85DED-476C-422F-A9C4-DA0307CD535E}.Debug|Any CPU.Build.0 = Debug|Any CPU
		{4DA85DED-476C-422F-A9C4-DA0307CD535E}.Release|Any CPU.ActiveCfg = Release|Any CPU
		{4DA85DED-476C-422F-A9C4-DA0307CD535E}.Release|Any CPU.Build.0 = Release|Any CPU
		{5623A47C-4EC3-4088-BA5C-E4B7F6C944C2}.Debug|Any CPU.ActiveCfg = Debug|Any CPU
		{5623A47C-4EC3-4088-BA5C-E4B7F6C944C2}.Debug|Any CPU.Build.0 = Debug|Any CPU
		{5623A47C-4EC3-4088-BA5C-E4B7F6C944C2}.Release|Any CPU.ActiveCfg = Release|Any CPU
		{5623A47C-4EC3-4088-BA5C-E4B7F6C944C2}.Release|Any CPU.Build.0 = Release|Any CPU
		{34FDE6D6-117A-4F7A-A0EF-7D327991BB9D}.Debug|Any CPU.ActiveCfg = Debug|Any CPU
		{34FDE6D6-117A-4F7A-A0EF-7D327991BB9D}.Debug|Any CPU.Build.0 = Debug|Any CPU
		{34FDE6D6-117A-4F7A-A0EF-7D327991BB9D}.Release|Any CPU.ActiveCfg = Release|Any CPU
		{34FDE6D6-117A-4F7A-A0EF-7D327991BB9D}.Release|Any CPU.Build.0 = Release|Any CPU
		{19A636CE-0F9E-44E1-97A9-2E26DA529732}.Debug|Any CPU.ActiveCfg = Debug|Any CPU
		{19A636CE-0F9E-44E1-97A9-2E26DA529732}.Debug|Any CPU.Build.0 = Debug|Any CPU
		{19A636CE-0F9E-44E1-97A9-2E26DA529732}.Release|Any CPU.ActiveCfg = Release|Any CPU
		{19A636CE-0F9E-44E1-97A9-2E26DA529732}.Release|Any CPU.Build.0 = Release|Any CPU
		{A240DA34-FD07-4D61-8BC5-026F44889BAA}.Debug|Any CPU.ActiveCfg = Debug|Any CPU
		{A240DA34-FD07-4D61-8BC5-026F44889BAA}.Debug|Any CPU.Build.0 = Debug|Any CPU
		{A240DA34-FD07-4D61-8BC5-026F44889BAA}.Release|Any CPU.ActiveCfg = Release|Any CPU
		{A240DA34-FD07-4D61-8BC5-026F44889BAA}.Release|Any CPU.Build.0 = Release|Any CPU
		{8EFBAC52-29C2-465F-9AF0-088DEC2D1A9F}.Debug|Any CPU.ActiveCfg = Debug|Any CPU
		{8EFBAC52-29C2-465F-9AF0-088DEC2D1A9F}.Debug|Any CPU.Build.0 = Debug|Any CPU
		{8EFBAC52-29C2-465F-9AF0-088DEC2D1A9F}.Release|Any CPU.ActiveCfg = Release|Any CPU
		{8EFBAC52-29C2-465F-9AF0-088DEC2D1A9F}.Release|Any CPU.Build.0 = Release|Any CPU
		{A1F42663-D1D3-4C00-B948-7FA93918E9CA}.Debug|Any CPU.ActiveCfg = Debug|Any CPU
		{A1F42663-D1D3-4C00-B948-7FA93918E9CA}.Debug|Any CPU.Build.0 = Debug|Any CPU
		{A1F42663-D1D3-4C00-B948-7FA93918E9CA}.Release|Any CPU.ActiveCfg = Release|Any CPU
		{A1F42663-D1D3-4C00-B948-7FA93918E9CA}.Release|Any CPU.Build.0 = Release|Any CPU
		{CF6D90F4-4BC9-4C29-AD63-E999B94E32F0}.Debug|Any CPU.ActiveCfg = Debug|Any CPU
		{CF6D90F4-4BC9-4C29-AD63-E999B94E32F0}.Debug|Any CPU.Build.0 = Debug|Any CPU
		{CF6D90F4-4BC9-4C29-AD63-E999B94E32F0}.Release|Any CPU.ActiveCfg = Release|Any CPU
		{CF6D90F4-4BC9-4C29-AD63-E999B94E32F0}.Release|Any CPU.Build.0 = Release|Any CPU
		{B979A9BA-9B40-4466-9B6E-18F1E160A2DD}.Debug|Any CPU.ActiveCfg = Debug|Any CPU
		{B979A9BA-9B40-4466-9B6E-18F1E160A2DD}.Debug|Any CPU.Build.0 = Debug|Any CPU
		{B979A9BA-9B40-4466-9B6E-18F1E160A2DD}.Release|Any CPU.ActiveCfg = Release|Any CPU
		{B979A9BA-9B40-4466-9B6E-18F1E160A2DD}.Release|Any CPU.Build.0 = Release|Any CPU
		{E0FC1A27-1F32-4B51-BBD1-7C68F70D16B3}.Debug|Any CPU.ActiveCfg = Debug|Any CPU
		{E0FC1A27-1F32-4B51-BBD1-7C68F70D16B3}.Debug|Any CPU.Build.0 = Debug|Any CPU
		{E0FC1A27-1F32-4B51-BBD1-7C68F70D16B3}.Release|Any CPU.ActiveCfg = Release|Any CPU
		{E0FC1A27-1F32-4B51-BBD1-7C68F70D16B3}.Release|Any CPU.Build.0 = Release|Any CPU
		{2E5512EB-E631-42F2-98DF-4F43310C6A03}.Debug|Any CPU.ActiveCfg = Debug|Any CPU
		{2E5512EB-E631-42F2-98DF-4F43310C6A03}.Debug|Any CPU.Build.0 = Debug|Any CPU
		{2E5512EB-E631-42F2-98DF-4F43310C6A03}.Release|Any CPU.ActiveCfg = Release|Any CPU
		{2E5512EB-E631-42F2-98DF-4F43310C6A03}.Release|Any CPU.Build.0 = Release|Any CPU
		{928D0B91-DFDC-4667-A819-A12433B18FEA}.Debug|Any CPU.ActiveCfg = Debug|Any CPU
		{928D0B91-DFDC-4667-A819-A12433B18FEA}.Debug|Any CPU.Build.0 = Debug|Any CPU
		{928D0B91-DFDC-4667-A819-A12433B18FEA}.Release|Any CPU.ActiveCfg = Release|Any CPU
		{928D0B91-DFDC-4667-A819-A12433B18FEA}.Release|Any CPU.Build.0 = Release|Any CPU
		{EDD41333-FFFB-443A-84FA-F40E63811FFD}.Debug|Any CPU.ActiveCfg = Debug|Any CPU
		{EDD41333-FFFB-443A-84FA-F40E63811FFD}.Debug|Any CPU.Build.0 = Debug|Any CPU
		{EDD41333-FFFB-443A-84FA-F40E63811FFD}.Release|Any CPU.ActiveCfg = Release|Any CPU
		{EDD41333-FFFB-443A-84FA-F40E63811FFD}.Release|Any CPU.Build.0 = Release|Any CPU
		{C0250B4D-35CE-44A2-B8ED-1F5B14417571}.Debug|Any CPU.ActiveCfg = Debug|Any CPU
		{C0250B4D-35CE-44A2-B8ED-1F5B14417571}.Debug|Any CPU.Build.0 = Debug|Any CPU
		{C0250B4D-35CE-44A2-B8ED-1F5B14417571}.Release|Any CPU.ActiveCfg = Release|Any CPU
		{C0250B4D-35CE-44A2-B8ED-1F5B14417571}.Release|Any CPU.Build.0 = Release|Any CPU
		{C8999F8E-DD63-4C1E-8410-B5E66D1E7E5A}.Debug|Any CPU.ActiveCfg = Debug|Any CPU
		{C8999F8E-DD63-4C1E-8410-B5E66D1E7E5A}.Debug|Any CPU.Build.0 = Debug|Any CPU
		{C8999F8E-DD63-4C1E-8410-B5E66D1E7E5A}.Release|Any CPU.ActiveCfg = Release|Any CPU
		{C8999F8E-DD63-4C1E-8410-B5E66D1E7E5A}.Release|Any CPU.Build.0 = Release|Any CPU
		{E0FA1413-ECC5-4189-8B7A-A3B198B80498}.Debug|Any CPU.ActiveCfg = Debug|Any CPU
		{E0FA1413-ECC5-4189-8B7A-A3B198B80498}.Debug|Any CPU.Build.0 = Debug|Any CPU
		{E0FA1413-ECC5-4189-8B7A-A3B198B80498}.Release|Any CPU.ActiveCfg = Release|Any CPU
		{E0FA1413-ECC5-4189-8B7A-A3B198B80498}.Release|Any CPU.Build.0 = Release|Any CPU
		{5D0C0AF8-8445-48A8-B55F-90150DE8BBD5}.Debug|Any CPU.ActiveCfg = Debug|Any CPU
		{5D0C0AF8-8445-48A8-B55F-90150DE8BBD5}.Debug|Any CPU.Build.0 = Debug|Any CPU
		{5D0C0AF8-8445-48A8-B55F-90150DE8BBD5}.Release|Any CPU.ActiveCfg = Release|Any CPU
		{5D0C0AF8-8445-48A8-B55F-90150DE8BBD5}.Release|Any CPU.Build.0 = Release|Any CPU
		{C1961C9A-C746-4B4D-B5A4-EF2E97EE9C88}.Debug|Any CPU.ActiveCfg = Debug|Any CPU
		{C1961C9A-C746-4B4D-B5A4-EF2E97EE9C88}.Debug|Any CPU.Build.0 = Debug|Any CPU
		{C1961C9A-C746-4B4D-B5A4-EF2E97EE9C88}.Release|Any CPU.ActiveCfg = Release|Any CPU
		{C1961C9A-C746-4B4D-B5A4-EF2E97EE9C88}.Release|Any CPU.Build.0 = Release|Any CPU
		{035395B8-7F3D-4931-B4A0-2521A103F6D8}.Debug|Any CPU.ActiveCfg = Debug|Any CPU
		{035395B8-7F3D-4931-B4A0-2521A103F6D8}.Debug|Any CPU.Build.0 = Debug|Any CPU
		{035395B8-7F3D-4931-B4A0-2521A103F6D8}.Release|Any CPU.ActiveCfg = Release|Any CPU
		{035395B8-7F3D-4931-B4A0-2521A103F6D8}.Release|Any CPU.Build.0 = Release|Any CPU
		{A1A16E62-BBE0-42C0-8493-CD2138F755C6}.Debug|Any CPU.ActiveCfg = Debug|Any CPU
		{A1A16E62-BBE0-42C0-8493-CD2138F755C6}.Debug|Any CPU.Build.0 = Debug|Any CPU
		{A1A16E62-BBE0-42C0-8493-CD2138F755C6}.Release|Any CPU.ActiveCfg = Release|Any CPU
		{A1A16E62-BBE0-42C0-8493-CD2138F755C6}.Release|Any CPU.Build.0 = Release|Any CPU
	EndGlobalSection
	GlobalSection(SolutionProperties) = preSolution
		HideSolutionNode = FALSE
	EndGlobalSection
	GlobalSection(ExtensibilityGlobals) = postSolution
		SolutionGuid = {A0D1754F-5998-4A21-8D0B-D66049601DA0}
	EndGlobalSection
EndGlobal
