
Microsoft Visual Studio Solution File, Format Version 12.00
# Visual Studio Version 16
VisualStudioVersion = 16.0.29503.13
MinimumVisualStudioVersion = 10.0.40219.1
Project("{9A19103F-16F7-4668-BE54-9A1E7A4F7556}") = "day-1", "day-1\day-1.csproj", "{D74C55AA-4A6B-4D23-8B6B-3FEC8EF068D5}"
EndProject
Project("{9A19103F-16F7-4668-BE54-9A1E7A4F7556}") = "day-2", "day-2\day-2.csproj", "{91776EF3-1153-4172-A80A-4D75359E1876}"
EndProject
Project("{FAE04EC0-301F-11D3-BF4B-00C04F79EFBC}") = "day-3", "day-3\day-3.csproj", "{BE0E37EE-19B1-4952-80FD-B9D9B0286022}"
EndProject
Global
	GlobalSection(SolutionConfigurationPlatforms) = preSolution
		Debug|Any CPU = Debug|Any CPU
		Release|Any CPU = Release|Any CPU
	EndGlobalSection
	GlobalSection(ProjectConfigurationPlatforms) = postSolution
		{D74C55AA-4A6B-4D23-8B6B-3FEC8EF068D5}.Debug|Any CPU.ActiveCfg = Debug|Any CPU
		{D74C55AA-4A6B-4D23-8B6B-3FEC8EF068D5}.Debug|Any CPU.Build.0 = Debug|Any CPU
		{D74C55AA-4A6B-4D23-8B6B-3FEC8EF068D5}.Release|Any CPU.ActiveCfg = Release|Any CPU
		{D74C55AA-4A6B-4D23-8B6B-3FEC8EF068D5}.Release|Any CPU.Build.0 = Release|Any CPU
		{91776EF3-1153-4172-A80A-4D75359E1876}.Debug|Any CPU.ActiveCfg = Debug|Any CPU
		{91776EF3-1153-4172-A80A-4D75359E1876}.Debug|Any CPU.Build.0 = Debug|Any CPU
		{91776EF3-1153-4172-A80A-4D75359E1876}.Release|Any CPU.ActiveCfg = Release|Any CPU
		{91776EF3-1153-4172-A80A-4D75359E1876}.Release|Any CPU.Build.0 = Release|Any CPU
		{BE0E37EE-19B1-4952-80FD-B9D9B0286022}.Debug|Any CPU.ActiveCfg = Debug|Any CPU
		{BE0E37EE-19B1-4952-80FD-B9D9B0286022}.Debug|Any CPU.Build.0 = Debug|Any CPU
		{BE0E37EE-19B1-4952-80FD-B9D9B0286022}.Release|Any CPU.ActiveCfg = Release|Any CPU
		{BE0E37EE-19B1-4952-80FD-B9D9B0286022}.Release|Any CPU.Build.0 = Release|Any CPU
	EndGlobalSection
	GlobalSection(SolutionProperties) = preSolution
		HideSolutionNode = FALSE
	EndGlobalSection
	GlobalSection(ExtensibilityGlobals) = postSolution
		SolutionGuid = {A0D1754F-5998-4A21-8D0B-D66049601DA0}
	EndGlobalSection
EndGlobal
