
Microsoft Visual Studio Solution File, Format Version 12.00
# Visual Studio Version 17
VisualStudioVersion = 17.1.32319.34
MinimumVisualStudioVersion = 10.0.40219.1
Project("{9A19103F-16F7-4668-BE54-9A1E7A4F7556}") = "day-01", "day-01\day-01.csproj", "{D0141BE8-9E9D-47C2-85E4-634A3EE95C5F}"
EndProject
Project("{9A19103F-16F7-4668-BE54-9A1E7A4F7556}") = "day-02", "day-02\day-02.csproj", "{3983EC2D-D7BE-4DD6-B150-D03EB9E21D54}"
EndProject
Project("{9A19103F-16F7-4668-BE54-9A1E7A4F7556}") = "day-03", "day-03\day-03.csproj", "{995C66C8-AB2E-4744-A927-8EB66BFCA099}"
EndProject
Project("{2150E333-8FDC-42A3-9474-1A3956D46DE8}") = "ReadMe", "ReadMe", "{06C26CF3-387D-4BEA-81DA-0EFF08AF742A}"
	ProjectSection(SolutionItems) = preProject
		..\README.md = ..\README.md
		readme.md = readme.md
	EndProjectSection
EndProject
Project("{9A19103F-16F7-4668-BE54-9A1E7A4F7556}") = "day-04", "day-04\day-04.csproj", "{E07574AD-7B49-4253-B3BE-CA829512F525}"
EndProject
Project("{9A19103F-16F7-4668-BE54-9A1E7A4F7556}") = "day-05", "day-05\day-05.csproj", "{47BB3442-A8D2-4050-AF30-433631E95109}"
EndProject
Project("{FAE04EC0-301F-11D3-BF4B-00C04F79EFBC}") = "day-06", "day-06\day-06.csproj", "{F3A3D212-07B7-457D-8430-E58DCC0B2BCD}"
EndProject
Project("{FAE04EC0-301F-11D3-BF4B-00C04F79EFBC}") = "day-07", "day-07\day-07.csproj", "{0DF9D368-6A14-4D7D-87D8-29DBA13D1AFD}"
EndProject
Global
	GlobalSection(SolutionConfigurationPlatforms) = preSolution
		Debug|Any CPU = Debug|Any CPU
		Release|Any CPU = Release|Any CPU
	EndGlobalSection
	GlobalSection(ProjectConfigurationPlatforms) = postSolution
		{D0141BE8-9E9D-47C2-85E4-634A3EE95C5F}.Debug|Any CPU.ActiveCfg = Debug|Any CPU
		{D0141BE8-9E9D-47C2-85E4-634A3EE95C5F}.Debug|Any CPU.Build.0 = Debug|Any CPU
		{D0141BE8-9E9D-47C2-85E4-634A3EE95C5F}.Release|Any CPU.ActiveCfg = Release|Any CPU
		{D0141BE8-9E9D-47C2-85E4-634A3EE95C5F}.Release|Any CPU.Build.0 = Release|Any CPU
		{3983EC2D-D7BE-4DD6-B150-D03EB9E21D54}.Debug|Any CPU.ActiveCfg = Debug|Any CPU
		{3983EC2D-D7BE-4DD6-B150-D03EB9E21D54}.Debug|Any CPU.Build.0 = Debug|Any CPU
		{3983EC2D-D7BE-4DD6-B150-D03EB9E21D54}.Release|Any CPU.ActiveCfg = Release|Any CPU
		{3983EC2D-D7BE-4DD6-B150-D03EB9E21D54}.Release|Any CPU.Build.0 = Release|Any CPU
		{995C66C8-AB2E-4744-A927-8EB66BFCA099}.Debug|Any CPU.ActiveCfg = Debug|Any CPU
		{995C66C8-AB2E-4744-A927-8EB66BFCA099}.Debug|Any CPU.Build.0 = Debug|Any CPU
		{995C66C8-AB2E-4744-A927-8EB66BFCA099}.Release|Any CPU.ActiveCfg = Release|Any CPU
		{995C66C8-AB2E-4744-A927-8EB66BFCA099}.Release|Any CPU.Build.0 = Release|Any CPU
		{E07574AD-7B49-4253-B3BE-CA829512F525}.Debug|Any CPU.ActiveCfg = Debug|Any CPU
		{E07574AD-7B49-4253-B3BE-CA829512F525}.Debug|Any CPU.Build.0 = Debug|Any CPU
		{E07574AD-7B49-4253-B3BE-CA829512F525}.Release|Any CPU.ActiveCfg = Release|Any CPU
		{E07574AD-7B49-4253-B3BE-CA829512F525}.Release|Any CPU.Build.0 = Release|Any CPU
		{47BB3442-A8D2-4050-AF30-433631E95109}.Debug|Any CPU.ActiveCfg = Debug|Any CPU
		{47BB3442-A8D2-4050-AF30-433631E95109}.Debug|Any CPU.Build.0 = Debug|Any CPU
		{47BB3442-A8D2-4050-AF30-433631E95109}.Release|Any CPU.ActiveCfg = Release|Any CPU
		{47BB3442-A8D2-4050-AF30-433631E95109}.Release|Any CPU.Build.0 = Release|Any CPU
		{F3A3D212-07B7-457D-8430-E58DCC0B2BCD}.Debug|Any CPU.ActiveCfg = Debug|Any CPU
		{F3A3D212-07B7-457D-8430-E58DCC0B2BCD}.Debug|Any CPU.Build.0 = Debug|Any CPU
		{F3A3D212-07B7-457D-8430-E58DCC0B2BCD}.Release|Any CPU.ActiveCfg = Release|Any CPU
		{F3A3D212-07B7-457D-8430-E58DCC0B2BCD}.Release|Any CPU.Build.0 = Release|Any CPU
		{0DF9D368-6A14-4D7D-87D8-29DBA13D1AFD}.Debug|Any CPU.ActiveCfg = Debug|Any CPU
		{0DF9D368-6A14-4D7D-87D8-29DBA13D1AFD}.Debug|Any CPU.Build.0 = Debug|Any CPU
		{0DF9D368-6A14-4D7D-87D8-29DBA13D1AFD}.Release|Any CPU.ActiveCfg = Release|Any CPU
		{0DF9D368-6A14-4D7D-87D8-29DBA13D1AFD}.Release|Any CPU.Build.0 = Release|Any CPU
	EndGlobalSection
	GlobalSection(SolutionProperties) = preSolution
		HideSolutionNode = FALSE
	EndGlobalSection
	GlobalSection(ExtensibilityGlobals) = postSolution
		SolutionGuid = {4F4570AC-1FD2-4057-B4F6-0DC477A8857C}
	EndGlobalSection
EndGlobal
