
Microsoft Visual Studio Solution File, Format Version 12.00
# Visual Studio Version 16
VisualStudioVersion = 16.0.29503.13
MinimumVisualStudioVersion = 10.0.40219.1
Project("{9A19103F-16F7-4668-BE54-9A1E7A4F7556}") = "day-1", "day-1\day-1.csproj", "{94C991C8-33A6-43CB-AF32-9848E99F1E11}"
EndProject
Project("{9A19103F-16F7-4668-BE54-9A1E7A4F7556}") = "day-2", "day-2\day-2.csproj", "{22BBA491-CE8C-4426-B671-E4679FF1F01A}"
EndProject
Project("{9A19103F-16F7-4668-BE54-9A1E7A4F7556}") = "day-3", "day-3\day-3.csproj", "{0EA74267-CD7B-49C8-AC33-498D02DD4435}"
EndProject
Project("{9A19103F-16F7-4668-BE54-9A1E7A4F7556}") = "day-4", "day-4\day-4.csproj", "{C25EC52D-31C0-4391-BB52-102E819EC5F3}"
EndProject
Project("{9A19103F-16F7-4668-BE54-9A1E7A4F7556}") = "day-5", "day-5\day-5.csproj", "{3D13AA25-D4A9-4855-B491-BC18BCE8FBE0}"
EndProject
Project("{9A19103F-16F7-4668-BE54-9A1E7A4F7556}") = "day-6", "day-6\day-6.csproj", "{034F1192-1F3C-41F3-AB9D-F174B08D7483}"
EndProject
Project("{9A19103F-16F7-4668-BE54-9A1E7A4F7556}") = "day-7", "day-7\day-7.csproj", "{02E1A1A4-8F65-49A0-8947-1D85D41CD75F}"
EndProject
Project("{FAE04EC0-301F-11D3-BF4B-00C04F79EFBC}") = "day-8", "day-8\day-8.csproj", "{96B92950-EB81-4CA8-BA25-C3C1952BAC95}"
EndProject
Project("{FAE04EC0-301F-11D3-BF4B-00C04F79EFBC}") = "day-9", "day-9\day-9.csproj", "{5449512C-4838-4335-8AFD-607616391476}"
EndProject
Global
	GlobalSection(SolutionConfigurationPlatforms) = preSolution
		Debug|Any CPU = Debug|Any CPU
		Release|Any CPU = Release|Any CPU
	EndGlobalSection
	GlobalSection(ProjectConfigurationPlatforms) = postSolution
		{94C991C8-33A6-43CB-AF32-9848E99F1E11}.Debug|Any CPU.ActiveCfg = Debug|Any CPU
		{94C991C8-33A6-43CB-AF32-9848E99F1E11}.Debug|Any CPU.Build.0 = Debug|Any CPU
		{94C991C8-33A6-43CB-AF32-9848E99F1E11}.Release|Any CPU.ActiveCfg = Release|Any CPU
		{94C991C8-33A6-43CB-AF32-9848E99F1E11}.Release|Any CPU.Build.0 = Release|Any CPU
		{22BBA491-CE8C-4426-B671-E4679FF1F01A}.Debug|Any CPU.ActiveCfg = Debug|Any CPU
		{22BBA491-CE8C-4426-B671-E4679FF1F01A}.Debug|Any CPU.Build.0 = Debug|Any CPU
		{22BBA491-CE8C-4426-B671-E4679FF1F01A}.Release|Any CPU.ActiveCfg = Release|Any CPU
		{22BBA491-CE8C-4426-B671-E4679FF1F01A}.Release|Any CPU.Build.0 = Release|Any CPU
		{0EA74267-CD7B-49C8-AC33-498D02DD4435}.Debug|Any CPU.ActiveCfg = Debug|Any CPU
		{0EA74267-CD7B-49C8-AC33-498D02DD4435}.Debug|Any CPU.Build.0 = Debug|Any CPU
		{0EA74267-CD7B-49C8-AC33-498D02DD4435}.Release|Any CPU.ActiveCfg = Release|Any CPU
		{0EA74267-CD7B-49C8-AC33-498D02DD4435}.Release|Any CPU.Build.0 = Release|Any CPU
		{C25EC52D-31C0-4391-BB52-102E819EC5F3}.Debug|Any CPU.ActiveCfg = Debug|Any CPU
		{C25EC52D-31C0-4391-BB52-102E819EC5F3}.Debug|Any CPU.Build.0 = Debug|Any CPU
		{C25EC52D-31C0-4391-BB52-102E819EC5F3}.Release|Any CPU.ActiveCfg = Release|Any CPU
		{C25EC52D-31C0-4391-BB52-102E819EC5F3}.Release|Any CPU.Build.0 = Release|Any CPU
		{3D13AA25-D4A9-4855-B491-BC18BCE8FBE0}.Debug|Any CPU.ActiveCfg = Debug|Any CPU
		{3D13AA25-D4A9-4855-B491-BC18BCE8FBE0}.Debug|Any CPU.Build.0 = Debug|Any CPU
		{3D13AA25-D4A9-4855-B491-BC18BCE8FBE0}.Release|Any CPU.ActiveCfg = Release|Any CPU
		{3D13AA25-D4A9-4855-B491-BC18BCE8FBE0}.Release|Any CPU.Build.0 = Release|Any CPU
		{034F1192-1F3C-41F3-AB9D-F174B08D7483}.Debug|Any CPU.ActiveCfg = Debug|Any CPU
		{034F1192-1F3C-41F3-AB9D-F174B08D7483}.Debug|Any CPU.Build.0 = Debug|Any CPU
		{034F1192-1F3C-41F3-AB9D-F174B08D7483}.Release|Any CPU.ActiveCfg = Release|Any CPU
		{034F1192-1F3C-41F3-AB9D-F174B08D7483}.Release|Any CPU.Build.0 = Release|Any CPU
		{02E1A1A4-8F65-49A0-8947-1D85D41CD75F}.Debug|Any CPU.ActiveCfg = Debug|Any CPU
		{02E1A1A4-8F65-49A0-8947-1D85D41CD75F}.Debug|Any CPU.Build.0 = Debug|Any CPU
		{02E1A1A4-8F65-49A0-8947-1D85D41CD75F}.Release|Any CPU.ActiveCfg = Release|Any CPU
		{02E1A1A4-8F65-49A0-8947-1D85D41CD75F}.Release|Any CPU.Build.0 = Release|Any CPU
		{96B92950-EB81-4CA8-BA25-C3C1952BAC95}.Debug|Any CPU.ActiveCfg = Debug|Any CPU
		{96B92950-EB81-4CA8-BA25-C3C1952BAC95}.Debug|Any CPU.Build.0 = Debug|Any CPU
		{96B92950-EB81-4CA8-BA25-C3C1952BAC95}.Release|Any CPU.ActiveCfg = Release|Any CPU
		{96B92950-EB81-4CA8-BA25-C3C1952BAC95}.Release|Any CPU.Build.0 = Release|Any CPU
		{5449512C-4838-4335-8AFD-607616391476}.Debug|Any CPU.ActiveCfg = Debug|Any CPU
		{5449512C-4838-4335-8AFD-607616391476}.Debug|Any CPU.Build.0 = Debug|Any CPU
		{5449512C-4838-4335-8AFD-607616391476}.Release|Any CPU.ActiveCfg = Release|Any CPU
		{5449512C-4838-4335-8AFD-607616391476}.Release|Any CPU.Build.0 = Release|Any CPU
	EndGlobalSection
	GlobalSection(SolutionProperties) = preSolution
		HideSolutionNode = FALSE
	EndGlobalSection
	GlobalSection(ExtensibilityGlobals) = postSolution
		SolutionGuid = {CB43F572-6DA0-4529-9A14-47B7909866F5}
	EndGlobalSection
EndGlobal
