
Microsoft Visual Studio Solution File, Format Version 12.00
# Visual Studio Version 17
VisualStudioVersion = 17.6.33815.320
MinimumVisualStudioVersion = 10.0.40219.1
Project("{2150E333-8FDC-42A3-9474-1A3956D46DE8}") = "ReadMe", "ReadMe", "{06C26CF3-387D-4BEA-81DA-0EFF08AF742A}"
	ProjectSection(SolutionItems) = preProject
		..\README.md = ..\README.md
		readme.md = readme.md
	EndProjectSection
EndProject
Project("{9A19103F-16F7-4668-BE54-9A1E7A4F7556}") = "day-01", "day-01\day-01.csproj", "{56E8670F-4A2D-4FC3-8E7D-79934FB4E824}"
EndProject
Project("{9A19103F-16F7-4668-BE54-9A1E7A4F7556}") = "day-02", "day-02\day-02.csproj", "{46A3F133-A26E-4B7D-A066-CF73480415AA}"
EndProject
Project("{9A19103F-16F7-4668-BE54-9A1E7A4F7556}") = "day-03", "day-03\day-03.csproj", "{660D6977-3149-4155-95B7-B7AFD699FC49}"
EndProject
Project("{9A19103F-16F7-4668-BE54-9A1E7A4F7556}") = "day-04", "day-04\day-04.csproj", "{06811207-77E8-499B-A566-9841BCF1E7B7}"
EndProject
Project("{9A19103F-16F7-4668-BE54-9A1E7A4F7556}") = "day-05", "day-05\day-05.csproj", "{14F7EA9A-F576-408E-9AD0-D812340025DA}"
EndProject
Project("{9A19103F-16F7-4668-BE54-9A1E7A4F7556}") = "day-06", "day-06\day-06.csproj", "{E9A552D4-D9EC-4DEF-9BE2-F159ACBB4D4F}"
EndProject
Project("{9A19103F-16F7-4668-BE54-9A1E7A4F7556}") = "day-09", "day-09\day-09.csproj", "{F44E7F5B-CF7D-4E10-8C74-7CED59CB3EEE}"
EndProject
Project("{9A19103F-16F7-4668-BE54-9A1E7A4F7556}") = "day-08", "day-08\day-08.csproj", "{78C9D6E5-ED85-4DCF-9CFB-5416C01EB6EE}"
EndProject
Project("{9A19103F-16F7-4668-BE54-9A1E7A4F7556}") = "day-07", "day-07\day-07.csproj", "{A8C7FE64-D243-411E-BB37-74F1BD0B6FBA}"
EndProject
Project("{9A19103F-16F7-4668-BE54-9A1E7A4F7556}") = "day-10", "day-10\day-10.csproj", "{53A52B4C-9FF0-44FD-86BB-376B2D3C495F}"
EndProject
Project("{9A19103F-16F7-4668-BE54-9A1E7A4F7556}") = "day-11", "day-11\day-11.csproj", "{FB98E816-01FC-48BB-8C62-D6CDC528AAFA}"
EndProject
Project("{9A19103F-16F7-4668-BE54-9A1E7A4F7556}") = "day-12", "day-12\day-12.csproj", "{E8FC54D7-0945-436A-AEC4-5EB3FD488B06}"
EndProject
Project("{9A19103F-16F7-4668-BE54-9A1E7A4F7556}") = "day-13", "day-13\day-13.csproj", "{3C5885AD-5564-427C-8C84-3856B2C26622}"
EndProject
Project("{9A19103F-16F7-4668-BE54-9A1E7A4F7556}") = "day-15", "day-15\day-15.csproj", "{B6B25605-76A0-4860-9CBB-D1B8E1BA18AE}"
EndProject
Project("{FAE04EC0-301F-11D3-BF4B-00C04F79EFBC}") = "day-16", "day-16\day-16.csproj", "{25F8B59E-0DA1-49B6-830E-53C8EC8E5471}"
EndProject
Project("{FAE04EC0-301F-11D3-BF4B-00C04F79EFBC}") = "day-18", "day-18\day-18.csproj", "{1DC1EAF3-E333-46D7-BA89-927538136484}"
EndProject
Global
	GlobalSection(SolutionConfigurationPlatforms) = preSolution
		Debug|Any CPU = Debug|Any CPU
		Release|Any CPU = Release|Any CPU
	EndGlobalSection
	GlobalSection(ProjectConfigurationPlatforms) = postSolution
		{56E8670F-4A2D-4FC3-8E7D-79934FB4E824}.Debug|Any CPU.ActiveCfg = Debug|Any CPU
		{56E8670F-4A2D-4FC3-8E7D-79934FB4E824}.Debug|Any CPU.Build.0 = Debug|Any CPU
		{56E8670F-4A2D-4FC3-8E7D-79934FB4E824}.Release|Any CPU.ActiveCfg = Release|Any CPU
		{56E8670F-4A2D-4FC3-8E7D-79934FB4E824}.Release|Any CPU.Build.0 = Release|Any CPU
		{46A3F133-A26E-4B7D-A066-CF73480415AA}.Debug|Any CPU.ActiveCfg = Debug|Any CPU
		{46A3F133-A26E-4B7D-A066-CF73480415AA}.Debug|Any CPU.Build.0 = Debug|Any CPU
		{46A3F133-A26E-4B7D-A066-CF73480415AA}.Release|Any CPU.ActiveCfg = Release|Any CPU
		{46A3F133-A26E-4B7D-A066-CF73480415AA}.Release|Any CPU.Build.0 = Release|Any CPU
		{660D6977-3149-4155-95B7-B7AFD699FC49}.Debug|Any CPU.ActiveCfg = Debug|Any CPU
		{660D6977-3149-4155-95B7-B7AFD699FC49}.Debug|Any CPU.Build.0 = Debug|Any CPU
		{660D6977-3149-4155-95B7-B7AFD699FC49}.Release|Any CPU.ActiveCfg = Release|Any CPU
		{660D6977-3149-4155-95B7-B7AFD699FC49}.Release|Any CPU.Build.0 = Release|Any CPU
		{06811207-77E8-499B-A566-9841BCF1E7B7}.Debug|Any CPU.ActiveCfg = Debug|Any CPU
		{06811207-77E8-499B-A566-9841BCF1E7B7}.Debug|Any CPU.Build.0 = Debug|Any CPU
		{06811207-77E8-499B-A566-9841BCF1E7B7}.Release|Any CPU.ActiveCfg = Release|Any CPU
		{06811207-77E8-499B-A566-9841BCF1E7B7}.Release|Any CPU.Build.0 = Release|Any CPU
		{14F7EA9A-F576-408E-9AD0-D812340025DA}.Debug|Any CPU.ActiveCfg = Debug|Any CPU
		{14F7EA9A-F576-408E-9AD0-D812340025DA}.Debug|Any CPU.Build.0 = Debug|Any CPU
		{14F7EA9A-F576-408E-9AD0-D812340025DA}.Release|Any CPU.ActiveCfg = Release|Any CPU
		{14F7EA9A-F576-408E-9AD0-D812340025DA}.Release|Any CPU.Build.0 = Release|Any CPU
		{E9A552D4-D9EC-4DEF-9BE2-F159ACBB4D4F}.Debug|Any CPU.ActiveCfg = Debug|Any CPU
		{E9A552D4-D9EC-4DEF-9BE2-F159ACBB4D4F}.Debug|Any CPU.Build.0 = Debug|Any CPU
		{E9A552D4-D9EC-4DEF-9BE2-F159ACBB4D4F}.Release|Any CPU.ActiveCfg = Release|Any CPU
		{E9A552D4-D9EC-4DEF-9BE2-F159ACBB4D4F}.Release|Any CPU.Build.0 = Release|Any CPU
		{F44E7F5B-CF7D-4E10-8C74-7CED59CB3EEE}.Debug|Any CPU.ActiveCfg = Debug|Any CPU
		{F44E7F5B-CF7D-4E10-8C74-7CED59CB3EEE}.Debug|Any CPU.Build.0 = Debug|Any CPU
		{F44E7F5B-CF7D-4E10-8C74-7CED59CB3EEE}.Release|Any CPU.ActiveCfg = Release|Any CPU
		{F44E7F5B-CF7D-4E10-8C74-7CED59CB3EEE}.Release|Any CPU.Build.0 = Release|Any CPU
		{78C9D6E5-ED85-4DCF-9CFB-5416C01EB6EE}.Debug|Any CPU.ActiveCfg = Debug|Any CPU
		{78C9D6E5-ED85-4DCF-9CFB-5416C01EB6EE}.Debug|Any CPU.Build.0 = Debug|Any CPU
		{78C9D6E5-ED85-4DCF-9CFB-5416C01EB6EE}.Release|Any CPU.ActiveCfg = Release|Any CPU
		{78C9D6E5-ED85-4DCF-9CFB-5416C01EB6EE}.Release|Any CPU.Build.0 = Release|Any CPU
		{A8C7FE64-D243-411E-BB37-74F1BD0B6FBA}.Debug|Any CPU.ActiveCfg = Debug|Any CPU
		{A8C7FE64-D243-411E-BB37-74F1BD0B6FBA}.Debug|Any CPU.Build.0 = Debug|Any CPU
		{A8C7FE64-D243-411E-BB37-74F1BD0B6FBA}.Release|Any CPU.ActiveCfg = Release|Any CPU
		{A8C7FE64-D243-411E-BB37-74F1BD0B6FBA}.Release|Any CPU.Build.0 = Release|Any CPU
		{53A52B4C-9FF0-44FD-86BB-376B2D3C495F}.Debug|Any CPU.ActiveCfg = Debug|Any CPU
		{53A52B4C-9FF0-44FD-86BB-376B2D3C495F}.Debug|Any CPU.Build.0 = Debug|Any CPU
		{53A52B4C-9FF0-44FD-86BB-376B2D3C495F}.Release|Any CPU.ActiveCfg = Release|Any CPU
		{53A52B4C-9FF0-44FD-86BB-376B2D3C495F}.Release|Any CPU.Build.0 = Release|Any CPU
		{FB98E816-01FC-48BB-8C62-D6CDC528AAFA}.Debug|Any CPU.ActiveCfg = Debug|Any CPU
		{FB98E816-01FC-48BB-8C62-D6CDC528AAFA}.Debug|Any CPU.Build.0 = Debug|Any CPU
		{FB98E816-01FC-48BB-8C62-D6CDC528AAFA}.Release|Any CPU.ActiveCfg = Release|Any CPU
		{FB98E816-01FC-48BB-8C62-D6CDC528AAFA}.Release|Any CPU.Build.0 = Release|Any CPU
		{E8FC54D7-0945-436A-AEC4-5EB3FD488B06}.Debug|Any CPU.ActiveCfg = Debug|Any CPU
		{E8FC54D7-0945-436A-AEC4-5EB3FD488B06}.Debug|Any CPU.Build.0 = Debug|Any CPU
		{E8FC54D7-0945-436A-AEC4-5EB3FD488B06}.Release|Any CPU.ActiveCfg = Release|Any CPU
		{E8FC54D7-0945-436A-AEC4-5EB3FD488B06}.Release|Any CPU.Build.0 = Release|Any CPU
		{3C5885AD-5564-427C-8C84-3856B2C26622}.Debug|Any CPU.ActiveCfg = Debug|Any CPU
		{3C5885AD-5564-427C-8C84-3856B2C26622}.Debug|Any CPU.Build.0 = Debug|Any CPU
		{3C5885AD-5564-427C-8C84-3856B2C26622}.Release|Any CPU.ActiveCfg = Release|Any CPU
		{3C5885AD-5564-427C-8C84-3856B2C26622}.Release|Any CPU.Build.0 = Release|Any CPU
		{B6B25605-76A0-4860-9CBB-D1B8E1BA18AE}.Debug|Any CPU.ActiveCfg = Debug|Any CPU
		{B6B25605-76A0-4860-9CBB-D1B8E1BA18AE}.Debug|Any CPU.Build.0 = Debug|Any CPU
		{B6B25605-76A0-4860-9CBB-D1B8E1BA18AE}.Release|Any CPU.ActiveCfg = Release|Any CPU
		{B6B25605-76A0-4860-9CBB-D1B8E1BA18AE}.Release|Any CPU.Build.0 = Release|Any CPU
		{25F8B59E-0DA1-49B6-830E-53C8EC8E5471}.Debug|Any CPU.ActiveCfg = Debug|Any CPU
		{25F8B59E-0DA1-49B6-830E-53C8EC8E5471}.Debug|Any CPU.Build.0 = Debug|Any CPU
		{25F8B59E-0DA1-49B6-830E-53C8EC8E5471}.Release|Any CPU.ActiveCfg = Release|Any CPU
		{25F8B59E-0DA1-49B6-830E-53C8EC8E5471}.Release|Any CPU.Build.0 = Release|Any CPU
		{1DC1EAF3-E333-46D7-BA89-927538136484}.Debug|Any CPU.ActiveCfg = Debug|Any CPU
		{1DC1EAF3-E333-46D7-BA89-927538136484}.Debug|Any CPU.Build.0 = Debug|Any CPU
		{1DC1EAF3-E333-46D7-BA89-927538136484}.Release|Any CPU.ActiveCfg = Release|Any CPU
		{1DC1EAF3-E333-46D7-BA89-927538136484}.Release|Any CPU.Build.0 = Release|Any CPU
	EndGlobalSection
	GlobalSection(SolutionProperties) = preSolution
		HideSolutionNode = FALSE
	EndGlobalSection
	GlobalSection(ExtensibilityGlobals) = postSolution
		SolutionGuid = {6F75F2B2-E045-493E-8480-7FE391066276}
	EndGlobalSection
EndGlobal
