
Microsoft Visual Studio Solution File, Format Version 12.00
# Visual Studio Version 17
VisualStudioVersion = 17.6.33815.320
MinimumVisualStudioVersion = 10.0.40219.1
Project("{2150E333-8FDC-42A3-9474-1A3956D46DE8}") = "ReadMe", "ReadMe", "{06C26CF3-387D-4BEA-81DA-0EFF08AF742A}"
	ProjectSection(SolutionItems) = preProject
		..\README.md = ..\README.md
		readme.md = readme.md
	EndProjectSection
EndProject
Project("{9A19103F-16F7-4668-BE54-9A1E7A4F7556}") = "day-01", "day-01\day-01.csproj", "{56E8670F-4A2D-4FC3-8E7D-79934FB4E824}"
EndProject
Project("{9A19103F-16F7-4668-BE54-9A1E7A4F7556}") = "day-02", "day-02\day-02.csproj", "{46A3F133-A26E-4B7D-A066-CF73480415AA}"
EndProject
Project("{9A19103F-16F7-4668-BE54-9A1E7A4F7556}") = "day-03", "day-03\day-03.csproj", "{660D6977-3149-4155-95B7-B7AFD699FC49}"
EndProject
Project("{9A19103F-16F7-4668-BE54-9A1E7A4F7556}") = "day-04", "day-04\day-04.csproj", "{06811207-77E8-499B-A566-9841BCF1E7B7}"
EndProject
Project("{FAE04EC0-301F-11D3-BF4B-00C04F79EFBC}") = "day-05", "day-05\day-05.csproj", "{14F7EA9A-F576-408E-9AD0-D812340025DA}"
EndProject
Global
	GlobalSection(SolutionConfigurationPlatforms) = preSolution
		Debug|Any CPU = Debug|Any CPU
		Release|Any CPU = Release|Any CPU
	EndGlobalSection
	GlobalSection(ProjectConfigurationPlatforms) = postSolution
		{56E8670F-4A2D-4FC3-8E7D-79934FB4E824}.Debug|Any CPU.ActiveCfg = Debug|Any CPU
		{56E8670F-4A2D-4FC3-8E7D-79934FB4E824}.Debug|Any CPU.Build.0 = Debug|Any CPU
		{56E8670F-4A2D-4FC3-8E7D-79934FB4E824}.Release|Any CPU.ActiveCfg = Release|Any CPU
		{56E8670F-4A2D-4FC3-8E7D-79934FB4E824}.Release|Any CPU.Build.0 = Release|Any CPU
		{46A3F133-A26E-4B7D-A066-CF73480415AA}.Debug|Any CPU.ActiveCfg = Debug|Any CPU
		{46A3F133-A26E-4B7D-A066-CF73480415AA}.Debug|Any CPU.Build.0 = Debug|Any CPU
		{46A3F133-A26E-4B7D-A066-CF73480415AA}.Release|Any CPU.ActiveCfg = Release|Any CPU
		{46A3F133-A26E-4B7D-A066-CF73480415AA}.Release|Any CPU.Build.0 = Release|Any CPU
		{660D6977-3149-4155-95B7-B7AFD699FC49}.Debug|Any CPU.ActiveCfg = Debug|Any CPU
		{660D6977-3149-4155-95B7-B7AFD699FC49}.Debug|Any CPU.Build.0 = Debug|Any CPU
		{660D6977-3149-4155-95B7-B7AFD699FC49}.Release|Any CPU.ActiveCfg = Release|Any CPU
		{660D6977-3149-4155-95B7-B7AFD699FC49}.Release|Any CPU.Build.0 = Release|Any CPU
		{06811207-77E8-499B-A566-9841BCF1E7B7}.Debug|Any CPU.ActiveCfg = Debug|Any CPU
		{06811207-77E8-499B-A566-9841BCF1E7B7}.Debug|Any CPU.Build.0 = Debug|Any CPU
		{06811207-77E8-499B-A566-9841BCF1E7B7}.Release|Any CPU.ActiveCfg = Release|Any CPU
		{06811207-77E8-499B-A566-9841BCF1E7B7}.Release|Any CPU.Build.0 = Release|Any CPU
		{14F7EA9A-F576-408E-9AD0-D812340025DA}.Debug|Any CPU.ActiveCfg = Debug|Any CPU
		{14F7EA9A-F576-408E-9AD0-D812340025DA}.Debug|Any CPU.Build.0 = Debug|Any CPU
		{14F7EA9A-F576-408E-9AD0-D812340025DA}.Release|Any CPU.ActiveCfg = Release|Any CPU
		{14F7EA9A-F576-408E-9AD0-D812340025DA}.Release|Any CPU.Build.0 = Release|Any CPU
	EndGlobalSection
	GlobalSection(SolutionProperties) = preSolution
		HideSolutionNode = FALSE
	EndGlobalSection
	GlobalSection(ExtensibilityGlobals) = postSolution
		SolutionGuid = {6F75F2B2-E045-493E-8480-7FE391066276}
	EndGlobalSection
EndGlobal
