
Microsoft Visual Studio Solution File, Format Version 12.00
# Visual Studio Version 16
VisualStudioVersion = 16.0.31729.503
MinimumVisualStudioVersion = 10.0.40219.1
Project("{9A19103F-16F7-4668-BE54-9A1E7A4F7556}") = "day-1", "day-1\day-1.csproj", "{99914329-0E86-4043-BA6C-DA89E173599A}"
EndProject
Project("{2150E333-8FDC-42A3-9474-1A3956D46DE8}") = "Solution Items", "Solution Items", "{4AAABDF9-9A71-482A-84F1-A6D616BCDE62}"
	ProjectSection(SolutionItems) = preProject
		readMe.md = readMe.md
	EndProjectSection
EndProject
Project("{9A19103F-16F7-4668-BE54-9A1E7A4F7556}") = "day-2", "day-2\day-2.csproj", "{663298E0-65D4-4EC6-B193-A0FC41C848E3}"
EndProject
Project("{9A19103F-16F7-4668-BE54-9A1E7A4F7556}") = "day-3", "day-3\day-3.csproj", "{CFD082DE-452A-4DEA-BC61-EA6253CF64D6}"
EndProject
Project("{9A19103F-16F7-4668-BE54-9A1E7A4F7556}") = "day-4", "day-4\day-4.csproj", "{D2630472-79FA-4130-B98A-4F67A1C8CF02}"
EndProject
Project("{9A19103F-16F7-4668-BE54-9A1E7A4F7556}") = "day-5", "day-5\day-5.csproj", "{7CE549A1-5FF5-405C-81D0-001731EE710C}"
EndProject
Project("{9A19103F-16F7-4668-BE54-9A1E7A4F7556}") = "day-6", "day-6\day-6.csproj", "{DDA7EE36-8CD8-4BF2-B46C-549FBF95C78D}"
EndProject
Project("{9A19103F-16F7-4668-BE54-9A1E7A4F7556}") = "day-7", "day-7\day-7.csproj", "{59E91EB4-5232-48FE-AE34-11CD45CE77F2}"
EndProject
Project("{FAE04EC0-301F-11D3-BF4B-00C04F79EFBC}") = "day-8", "day-8\day-8.csproj", "{B84C2226-1238-4F04-9016-84805DF6868C}"
EndProject
Global
	GlobalSection(SolutionConfigurationPlatforms) = preSolution
		Debug|Any CPU = Debug|Any CPU
		Release|Any CPU = Release|Any CPU
	EndGlobalSection
	GlobalSection(ProjectConfigurationPlatforms) = postSolution
		{99914329-0E86-4043-BA6C-DA89E173599A}.Debug|Any CPU.ActiveCfg = Debug|Any CPU
		{99914329-0E86-4043-BA6C-DA89E173599A}.Debug|Any CPU.Build.0 = Debug|Any CPU
		{99914329-0E86-4043-BA6C-DA89E173599A}.Release|Any CPU.ActiveCfg = Release|Any CPU
		{99914329-0E86-4043-BA6C-DA89E173599A}.Release|Any CPU.Build.0 = Release|Any CPU
		{663298E0-65D4-4EC6-B193-A0FC41C848E3}.Debug|Any CPU.ActiveCfg = Debug|Any CPU
		{663298E0-65D4-4EC6-B193-A0FC41C848E3}.Debug|Any CPU.Build.0 = Debug|Any CPU
		{663298E0-65D4-4EC6-B193-A0FC41C848E3}.Release|Any CPU.ActiveCfg = Release|Any CPU
		{663298E0-65D4-4EC6-B193-A0FC41C848E3}.Release|Any CPU.Build.0 = Release|Any CPU
		{CFD082DE-452A-4DEA-BC61-EA6253CF64D6}.Debug|Any CPU.ActiveCfg = Debug|Any CPU
		{CFD082DE-452A-4DEA-BC61-EA6253CF64D6}.Debug|Any CPU.Build.0 = Debug|Any CPU
		{CFD082DE-452A-4DEA-BC61-EA6253CF64D6}.Release|Any CPU.ActiveCfg = Release|Any CPU
		{CFD082DE-452A-4DEA-BC61-EA6253CF64D6}.Release|Any CPU.Build.0 = Release|Any CPU
		{D2630472-79FA-4130-B98A-4F67A1C8CF02}.Debug|Any CPU.ActiveCfg = Debug|Any CPU
		{D2630472-79FA-4130-B98A-4F67A1C8CF02}.Debug|Any CPU.Build.0 = Debug|Any CPU
		{D2630472-79FA-4130-B98A-4F67A1C8CF02}.Release|Any CPU.ActiveCfg = Release|Any CPU
		{D2630472-79FA-4130-B98A-4F67A1C8CF02}.Release|Any CPU.Build.0 = Release|Any CPU
		{7CE549A1-5FF5-405C-81D0-001731EE710C}.Debug|Any CPU.ActiveCfg = Debug|Any CPU
		{7CE549A1-5FF5-405C-81D0-001731EE710C}.Debug|Any CPU.Build.0 = Debug|Any CPU
		{7CE549A1-5FF5-405C-81D0-001731EE710C}.Release|Any CPU.ActiveCfg = Release|Any CPU
		{7CE549A1-5FF5-405C-81D0-001731EE710C}.Release|Any CPU.Build.0 = Release|Any CPU
		{DDA7EE36-8CD8-4BF2-B46C-549FBF95C78D}.Debug|Any CPU.ActiveCfg = Debug|Any CPU
		{DDA7EE36-8CD8-4BF2-B46C-549FBF95C78D}.Debug|Any CPU.Build.0 = Debug|Any CPU
		{DDA7EE36-8CD8-4BF2-B46C-549FBF95C78D}.Release|Any CPU.ActiveCfg = Release|Any CPU
		{DDA7EE36-8CD8-4BF2-B46C-549FBF95C78D}.Release|Any CPU.Build.0 = Release|Any CPU
		{59E91EB4-5232-48FE-AE34-11CD45CE77F2}.Debug|Any CPU.ActiveCfg = Debug|Any CPU
		{59E91EB4-5232-48FE-AE34-11CD45CE77F2}.Debug|Any CPU.Build.0 = Debug|Any CPU
		{59E91EB4-5232-48FE-AE34-11CD45CE77F2}.Release|Any CPU.ActiveCfg = Release|Any CPU
		{59E91EB4-5232-48FE-AE34-11CD45CE77F2}.Release|Any CPU.Build.0 = Release|Any CPU
		{B84C2226-1238-4F04-9016-84805DF6868C}.Debug|Any CPU.ActiveCfg = Debug|Any CPU
		{B84C2226-1238-4F04-9016-84805DF6868C}.Debug|Any CPU.Build.0 = Debug|Any CPU
		{B84C2226-1238-4F04-9016-84805DF6868C}.Release|Any CPU.ActiveCfg = Release|Any CPU
		{B84C2226-1238-4F04-9016-84805DF6868C}.Release|Any CPU.Build.0 = Release|Any CPU
	EndGlobalSection
	GlobalSection(SolutionProperties) = preSolution
		HideSolutionNode = FALSE
	EndGlobalSection
	GlobalSection(ExtensibilityGlobals) = postSolution
		SolutionGuid = {4AE811F1-3D0B-4D21-B532-D9B30A7F3F66}
	EndGlobalSection
EndGlobal
